# THIS IS AN AUTOGENERATED FILE. DO NOT EDIT THIS FILE DIRECTLY.
# yarn lockfile v1


emoji-mashup@emoji-mashup:
  version "0.0.2"
  resolved "https://registry.yarnpkg.com/emoji-mashup/-/emoji-mashup-0.0.2.tgz#45ec44db4bd5faaad5b00e037abe62715abf9998"
  integrity sha512-gWkV1F27fgAOVRZ7VT13uVpX2llhk8i5ABnx02swJRVPOpPNtDJWcrpJy1i5hMLFNXgp+URXW6ZJh5qom1NHOA==

fs@^0.0.1-security:
  version "0.0.1-security"
  resolved "https://registry.yarnpkg.com/fs/-/fs-0.0.1-security.tgz#8a7bd37186b6dddf3813f23858b57ecaaf5e41d4"
  integrity sha512-3XY9e1pP0CVEUCdj5BmfIZxRBTSDycnbqhIOGec9QYtmVH2fbLpj86CFWkrNOkt/Fvty4KZG5lTglL9j/gJ87w==
